
Microsoft Visual Studio Solution File, Format Version 12.00
# Visual Studio Version 17
VisualStudioVersion = 17.10.35122.118
MinimumVisualStudioVersion = 10.0.40219.1
Project("{FAE04EC0-301F-11D3-BF4B-00C04F79EFBC}") = "FAT4FUN.FrontEnd.Site", "FAT4FUN.FrontEnd.Site\FAT4FUN.FrontEnd.Site.csproj", "{BE2F72EF-6B28-49BE-A5B4-D85631400652}"
EndProject
Project("{2150E333-8FDC-42A3-9474-1A3956D46DE8}") = "方案項目", "方案項目", "{6D233573-8719-43D7-8E9B-7B21FF1FC02F}"
	ProjectSection(SolutionItems) = preProject
		ReadMe.txt = ReadMe.txt
	EndProjectSection
EndProject
Project("{FAE04EC0-301F-11D3-BF4B-00C04F79EFBC}") = "FAT4FUN.Storage.Site", "FAT4FUN.Storage.Site\FAT4FUN.Storage.Site.csproj", "{6A031488-3695-4C03-A16C-0D82EB27A67E}"
EndProject
Project("{FAE04EC0-301F-11D3-BF4B-00C04F79EFBC}") = "FAT4FUN.BackEnd.Site", "FAT4FUN.BackEnd.Site\FAT4FUN.BackEnd.Site.csproj", "{BDD0A523-BE69-4DB8-B632-39B7906C111E}"
EndProject
Global
	GlobalSection(SolutionConfigurationPlatforms) = preSolution
		Debug|Any CPU = Debug|Any CPU
		Release|Any CPU = Release|Any CPU
	EndGlobalSection
	GlobalSection(ProjectConfigurationPlatforms) = postSolution
		{BE2F72EF-6B28-49BE-A5B4-D85631400652}.Debug|Any CPU.ActiveCfg = Debug|Any CPU
		{BE2F72EF-6B28-49BE-A5B4-D85631400652}.Debug|Any CPU.Build.0 = Debug|Any CPU
		{BE2F72EF-6B28-49BE-A5B4-D85631400652}.Release|Any CPU.ActiveCfg = Release|Any CPU
		{BE2F72EF-6B28-49BE-A5B4-D85631400652}.Release|Any CPU.Build.0 = Release|Any CPU
		{6A031488-3695-4C03-A16C-0D82EB27A67E}.Debug|Any CPU.ActiveCfg = Debug|Any CPU
		{6A031488-3695-4C03-A16C-0D82EB27A67E}.Debug|Any CPU.Build.0 = Debug|Any CPU
		{6A031488-3695-4C03-A16C-0D82EB27A67E}.Release|Any CPU.ActiveCfg = Release|Any CPU
		{6A031488-3695-4C03-A16C-0D82EB27A67E}.Release|Any CPU.Build.0 = Release|Any CPU
		{BDD0A523-BE69-4DB8-B632-39B7906C111E}.Debug|Any CPU.ActiveCfg = Debug|Any CPU
		{BDD0A523-BE69-4DB8-B632-39B7906C111E}.Debug|Any CPU.Build.0 = Debug|Any CPU
		{BDD0A523-BE69-4DB8-B632-39B7906C111E}.Release|Any CPU.ActiveCfg = Release|Any CPU
		{BDD0A523-BE69-4DB8-B632-39B7906C111E}.Release|Any CPU.Build.0 = Release|Any CPU
	EndGlobalSection
	GlobalSection(SolutionProperties) = preSolution
		HideSolutionNode = FALSE
	EndGlobalSection
	GlobalSection(ExtensibilityGlobals) = postSolution
		SolutionGuid = {F8063177-412B-4B89-8193-7C3FA31CAD74}
	EndGlobalSection
EndGlobal
